
Microsoft Visual Studio Solution File, Format Version 12.00
# Visual Studio 15
VisualStudioVersion = 15.0.27130.2027
MinimumVisualStudioVersion = 10.0.40219.1
Project("{FAE04EC0-301F-11D3-BF4B-00C04F79EFBC}") = "TodoWebApi", "TodoWebApi\TodoWebApi.csproj", "{C63B39EB-316C-429D-B273-DC0271A2BC2F}"
EndProject
Project("{2150E333-8FDC-42A3-9474-1A3956D46DE8}") = "Mobile Apps", "Mobile Apps", "{1D379A85-7478-4E75-96D9-DAE764A9BFA0}"
EndProject
Project("{FAE04EC0-301F-11D3-BF4B-00C04F79EFBC}") = "TodoApp.Android", "Mobile Apps\TodoApp\TodoApp.Android\TodoApp.Android.csproj", "{7A64FB43-4E74-406C-9B3A-0793F91296A1}"
EndProject
Project("{FAE04EC0-301F-11D3-BF4B-00C04F79EFBC}") = "TodoApp.iOS", "Mobile Apps\TodoApp\TodoApp.iOS\TodoApp.iOS.csproj", "{A7FD1B11-A718-4484-851E-D386A01D132D}"
EndProject
Project("{FAE04EC0-301F-11D3-BF4B-00C04F79EFBC}") = "TodoApp.UWP", "Mobile Apps\TodoApp\TodoApp.UWP\TodoApp.UWP.csproj", "{740AED18-7C6C-4060-8206-A762B15DEB20}"
EndProject
Project("{FAE04EC0-301F-11D3-BF4B-00C04F79EFBC}") = "TodoApp", "Mobile Apps\TodoApp\TodoApp\TodoApp.csproj", "{66DEC7AA-118B-4D78-B3CF-9A1A9B587E9E}"
EndProject
Global
	GlobalSection(SolutionConfigurationPlatforms) = preSolution
		Ad-Hoc|Any CPU = Ad-Hoc|Any CPU
		Ad-Hoc|ARM = Ad-Hoc|ARM
		Ad-Hoc|iPhone = Ad-Hoc|iPhone
		Ad-Hoc|iPhoneSimulator = Ad-Hoc|iPhoneSimulator
		Ad-Hoc|x64 = Ad-Hoc|x64
		Ad-Hoc|x86 = Ad-Hoc|x86
		AppStore|Any CPU = AppStore|Any CPU
		AppStore|ARM = AppStore|ARM
		AppStore|iPhone = AppStore|iPhone
		AppStore|iPhoneSimulator = AppStore|iPhoneSimulator
		AppStore|x64 = AppStore|x64
		AppStore|x86 = AppStore|x86
		Debug|Any CPU = Debug|Any CPU
		Debug|ARM = Debug|ARM
		Debug|iPhone = Debug|iPhone
		Debug|iPhoneSimulator = Debug|iPhoneSimulator
		Debug|x64 = Debug|x64
		Debug|x86 = Debug|x86
		Release|Any CPU = Release|Any CPU
		Release|ARM = Release|ARM
		Release|iPhone = Release|iPhone
		Release|iPhoneSimulator = Release|iPhoneSimulator
		Release|x64 = Release|x64
		Release|x86 = Release|x86
	EndGlobalSection
	GlobalSection(ProjectConfigurationPlatforms) = postSolution
		{C63B39EB-316C-429D-B273-DC0271A2BC2F}.Ad-Hoc|Any CPU.ActiveCfg = Debug|Any CPU
		{C63B39EB-316C-429D-B273-DC0271A2BC2F}.Ad-Hoc|Any CPU.Build.0 = Debug|Any CPU
		{C63B39EB-316C-429D-B273-DC0271A2BC2F}.Ad-Hoc|ARM.ActiveCfg = Debug|Any CPU
		{C63B39EB-316C-429D-B273-DC0271A2BC2F}.Ad-Hoc|ARM.Build.0 = Debug|Any CPU
		{C63B39EB-316C-429D-B273-DC0271A2BC2F}.Ad-Hoc|iPhone.ActiveCfg = Debug|Any CPU
		{C63B39EB-316C-429D-B273-DC0271A2BC2F}.Ad-Hoc|iPhone.Build.0 = Debug|Any CPU
		{C63B39EB-316C-429D-B273-DC0271A2BC2F}.Ad-Hoc|iPhoneSimulator.ActiveCfg = Debug|Any CPU
		{C63B39EB-316C-429D-B273-DC0271A2BC2F}.Ad-Hoc|iPhoneSimulator.Build.0 = Debug|Any CPU
		{C63B39EB-316C-429D-B273-DC0271A2BC2F}.Ad-Hoc|x64.ActiveCfg = Debug|Any CPU
		{C63B39EB-316C-429D-B273-DC0271A2BC2F}.Ad-Hoc|x64.Build.0 = Debug|Any CPU
		{C63B39EB-316C-429D-B273-DC0271A2BC2F}.Ad-Hoc|x86.ActiveCfg = Debug|Any CPU
		{C63B39EB-316C-429D-B273-DC0271A2BC2F}.Ad-Hoc|x86.Build.0 = Debug|Any CPU
		{C63B39EB-316C-429D-B273-DC0271A2BC2F}.AppStore|Any CPU.ActiveCfg = Debug|Any CPU
		{C63B39EB-316C-429D-B273-DC0271A2BC2F}.AppStore|Any CPU.Build.0 = Debug|Any CPU
		{C63B39EB-316C-429D-B273-DC0271A2BC2F}.AppStore|ARM.ActiveCfg = Debug|Any CPU
		{C63B39EB-316C-429D-B273-DC0271A2BC2F}.AppStore|ARM.Build.0 = Debug|Any CPU
		{C63B39EB-316C-429D-B273-DC0271A2BC2F}.AppStore|iPhone.ActiveCfg = Debug|Any CPU
		{C63B39EB-316C-429D-B273-DC0271A2BC2F}.AppStore|iPhone.Build.0 = Debug|Any CPU
		{C63B39EB-316C-429D-B273-DC0271A2BC2F}.AppStore|iPhoneSimulator.ActiveCfg = Debug|Any CPU
		{C63B39EB-316C-429D-B273-DC0271A2BC2F}.AppStore|iPhoneSimulator.Build.0 = Debug|Any CPU
		{C63B39EB-316C-429D-B273-DC0271A2BC2F}.AppStore|x64.ActiveCfg = Debug|Any CPU
		{C63B39EB-316C-429D-B273-DC0271A2BC2F}.AppStore|x64.Build.0 = Debug|Any CPU
		{C63B39EB-316C-429D-B273-DC0271A2BC2F}.AppStore|x86.ActiveCfg = Debug|Any CPU
		{C63B39EB-316C-429D-B273-DC0271A2BC2F}.AppStore|x86.Build.0 = Debug|Any CPU
		{C63B39EB-316C-429D-B273-DC0271A2BC2F}.Debug|Any CPU.ActiveCfg = Debug|Any CPU
		{C63B39EB-316C-429D-B273-DC0271A2BC2F}.Debug|Any CPU.Build.0 = Debug|Any CPU
		{C63B39EB-316C-429D-B273-DC0271A2BC2F}.Debug|ARM.ActiveCfg = Debug|Any CPU
		{C63B39EB-316C-429D-B273-DC0271A2BC2F}.Debug|ARM.Build.0 = Debug|Any CPU
		{C63B39EB-316C-429D-B273-DC0271A2BC2F}.Debug|iPhone.ActiveCfg = Debug|Any CPU
		{C63B39EB-316C-429D-B273-DC0271A2BC2F}.Debug|iPhone.Build.0 = Debug|Any CPU
		{C63B39EB-316C-429D-B273-DC0271A2BC2F}.Debug|iPhoneSimulator.ActiveCfg = Debug|Any CPU
		{C63B39EB-316C-429D-B273-DC0271A2BC2F}.Debug|iPhoneSimulator.Build.0 = Debug|Any CPU
		{C63B39EB-316C-429D-B273-DC0271A2BC2F}.Debug|x64.ActiveCfg = Debug|Any CPU
		{C63B39EB-316C-429D-B273-DC0271A2BC2F}.Debug|x64.Build.0 = Debug|Any CPU
		{C63B39EB-316C-429D-B273-DC0271A2BC2F}.Debug|x86.ActiveCfg = Debug|Any CPU
		{C63B39EB-316C-429D-B273-DC0271A2BC2F}.Debug|x86.Build.0 = Debug|Any CPU
		{C63B39EB-316C-429D-B273-DC0271A2BC2F}.Release|Any CPU.ActiveCfg = Release|Any CPU
		{C63B39EB-316C-429D-B273-DC0271A2BC2F}.Release|Any CPU.Build.0 = Release|Any CPU
		{C63B39EB-316C-429D-B273-DC0271A2BC2F}.Release|ARM.ActiveCfg = Release|Any CPU
		{C63B39EB-316C-429D-B273-DC0271A2BC2F}.Release|ARM.Build.0 = Release|Any CPU
		{C63B39EB-316C-429D-B273-DC0271A2BC2F}.Release|iPhone.ActiveCfg = Release|Any CPU
		{C63B39EB-316C-429D-B273-DC0271A2BC2F}.Release|iPhone.Build.0 = Release|Any CPU
		{C63B39EB-316C-429D-B273-DC0271A2BC2F}.Release|iPhoneSimulator.ActiveCfg = Release|Any CPU
		{C63B39EB-316C-429D-B273-DC0271A2BC2F}.Release|iPhoneSimulator.Build.0 = Release|Any CPU
		{C63B39EB-316C-429D-B273-DC0271A2BC2F}.Release|x64.ActiveCfg = Release|Any CPU
		{C63B39EB-316C-429D-B273-DC0271A2BC2F}.Release|x64.Build.0 = Release|Any CPU
		{C63B39EB-316C-429D-B273-DC0271A2BC2F}.Release|x86.ActiveCfg = Release|Any CPU
		{C63B39EB-316C-429D-B273-DC0271A2BC2F}.Release|x86.Build.0 = Release|Any CPU
		{7A64FB43-4E74-406C-9B3A-0793F91296A1}.Ad-Hoc|Any CPU.ActiveCfg = Release|Any CPU
		{7A64FB43-4E74-406C-9B3A-0793F91296A1}.Ad-Hoc|Any CPU.Build.0 = Release|Any CPU
		{7A64FB43-4E74-406C-9B3A-0793F91296A1}.Ad-Hoc|Any CPU.Deploy.0 = Release|Any CPU
		{7A64FB43-4E74-406C-9B3A-0793F91296A1}.Ad-Hoc|ARM.ActiveCfg = Release|Any CPU
		{7A64FB43-4E74-406C-9B3A-0793F91296A1}.Ad-Hoc|ARM.Build.0 = Release|Any CPU
		{7A64FB43-4E74-406C-9B3A-0793F91296A1}.Ad-Hoc|ARM.Deploy.0 = Release|Any CPU
		{7A64FB43-4E74-406C-9B3A-0793F91296A1}.Ad-Hoc|iPhone.ActiveCfg = Release|Any CPU
		{7A64FB43-4E74-406C-9B3A-0793F91296A1}.Ad-Hoc|iPhone.Build.0 = Release|Any CPU
		{7A64FB43-4E74-406C-9B3A-0793F91296A1}.Ad-Hoc|iPhone.Deploy.0 = Release|Any CPU
		{7A64FB43-4E74-406C-9B3A-0793F91296A1}.Ad-Hoc|iPhoneSimulator.ActiveCfg = Release|Any CPU
		{7A64FB43-4E74-406C-9B3A-0793F91296A1}.Ad-Hoc|iPhoneSimulator.Build.0 = Release|Any CPU
		{7A64FB43-4E74-406C-9B3A-0793F91296A1}.Ad-Hoc|iPhoneSimulator.Deploy.0 = Release|Any CPU
		{7A64FB43-4E74-406C-9B3A-0793F91296A1}.Ad-Hoc|x64.ActiveCfg = Release|Any CPU
		{7A64FB43-4E74-406C-9B3A-0793F91296A1}.Ad-Hoc|x64.Build.0 = Release|Any CPU
		{7A64FB43-4E74-406C-9B3A-0793F91296A1}.Ad-Hoc|x64.Deploy.0 = Release|Any CPU
		{7A64FB43-4E74-406C-9B3A-0793F91296A1}.Ad-Hoc|x86.ActiveCfg = Release|Any CPU
		{7A64FB43-4E74-406C-9B3A-0793F91296A1}.Ad-Hoc|x86.Build.0 = Release|Any CPU
		{7A64FB43-4E74-406C-9B3A-0793F91296A1}.Ad-Hoc|x86.Deploy.0 = Release|Any CPU
		{7A64FB43-4E74-406C-9B3A-0793F91296A1}.AppStore|Any CPU.ActiveCfg = Release|Any CPU
		{7A64FB43-4E74-406C-9B3A-0793F91296A1}.AppStore|Any CPU.Build.0 = Release|Any CPU
		{7A64FB43-4E74-406C-9B3A-0793F91296A1}.AppStore|Any CPU.Deploy.0 = Release|Any CPU
		{7A64FB43-4E74-406C-9B3A-0793F91296A1}.AppStore|ARM.ActiveCfg = Release|Any CPU
		{7A64FB43-4E74-406C-9B3A-0793F91296A1}.AppStore|ARM.Build.0 = Release|Any CPU
		{7A64FB43-4E74-406C-9B3A-0793F91296A1}.AppStore|ARM.Deploy.0 = Release|Any CPU
		{7A64FB43-4E74-406C-9B3A-0793F91296A1}.AppStore|iPhone.ActiveCfg = Release|Any CPU
		{7A64FB43-4E74-406C-9B3A-0793F91296A1}.AppStore|iPhone.Build.0 = Release|Any CPU
		{7A64FB43-4E74-406C-9B3A-0793F91296A1}.AppStore|iPhone.Deploy.0 = Release|Any CPU
		{7A64FB43-4E74-406C-9B3A-0793F91296A1}.AppStore|iPhoneSimulator.ActiveCfg = Release|Any CPU
		{7A64FB43-4E74-406C-9B3A-0793F91296A1}.AppStore|iPhoneSimulator.Build.0 = Release|Any CPU
		{7A64FB43-4E74-406C-9B3A-0793F91296A1}.AppStore|iPhoneSimulator.Deploy.0 = Release|Any CPU
		{7A64FB43-4E74-406C-9B3A-0793F91296A1}.AppStore|x64.ActiveCfg = Release|Any CPU
		{7A64FB43-4E74-406C-9B3A-0793F91296A1}.AppStore|x64.Build.0 = Release|Any CPU
		{7A64FB43-4E74-406C-9B3A-0793F91296A1}.AppStore|x64.Deploy.0 = Release|Any CPU
		{7A64FB43-4E74-406C-9B3A-0793F91296A1}.AppStore|x86.ActiveCfg = Release|Any CPU
		{7A64FB43-4E74-406C-9B3A-0793F91296A1}.AppStore|x86.Build.0 = Release|Any CPU
		{7A64FB43-4E74-406C-9B3A-0793F91296A1}.AppStore|x86.Deploy.0 = Release|Any CPU
		{7A64FB43-4E74-406C-9B3A-0793F91296A1}.Debug|Any CPU.ActiveCfg = Debug|Any CPU
		{7A64FB43-4E74-406C-9B3A-0793F91296A1}.Debug|Any CPU.Build.0 = Debug|Any CPU
		{7A64FB43-4E74-406C-9B3A-0793F91296A1}.Debug|Any CPU.Deploy.0 = Debug|Any CPU
		{7A64FB43-4E74-406C-9B3A-0793F91296A1}.Debug|ARM.ActiveCfg = Debug|Any CPU
		{7A64FB43-4E74-406C-9B3A-0793F91296A1}.Debug|ARM.Build.0 = Debug|Any CPU
		{7A64FB43-4E74-406C-9B3A-0793F91296A1}.Debug|ARM.Deploy.0 = Debug|Any CPU
		{7A64FB43-4E74-406C-9B3A-0793F91296A1}.Debug|iPhone.ActiveCfg = Debug|Any CPU
		{7A64FB43-4E74-406C-9B3A-0793F91296A1}.Debug|iPhone.Build.0 = Debug|Any CPU
		{7A64FB43-4E74-406C-9B3A-0793F91296A1}.Debug|iPhone.Deploy.0 = Debug|Any CPU
		{7A64FB43-4E74-406C-9B3A-0793F91296A1}.Debug|iPhoneSimulator.ActiveCfg = Debug|Any CPU
		{7A64FB43-4E74-406C-9B3A-0793F91296A1}.Debug|iPhoneSimulator.Build.0 = Debug|Any CPU
		{7A64FB43-4E74-406C-9B3A-0793F91296A1}.Debug|iPhoneSimulator.Deploy.0 = Debug|Any CPU
		{7A64FB43-4E74-406C-9B3A-0793F91296A1}.Debug|x64.ActiveCfg = Debug|Any CPU
		{7A64FB43-4E74-406C-9B3A-0793F91296A1}.Debug|x64.Build.0 = Debug|Any CPU
		{7A64FB43-4E74-406C-9B3A-0793F91296A1}.Debug|x64.Deploy.0 = Debug|Any CPU
		{7A64FB43-4E74-406C-9B3A-0793F91296A1}.Debug|x86.ActiveCfg = Debug|Any CPU
		{7A64FB43-4E74-406C-9B3A-0793F91296A1}.Debug|x86.Build.0 = Debug|Any CPU
		{7A64FB43-4E74-406C-9B3A-0793F91296A1}.Debug|x86.Deploy.0 = Debug|Any CPU
		{7A64FB43-4E74-406C-9B3A-0793F91296A1}.Release|Any CPU.ActiveCfg = Release|Any CPU
		{7A64FB43-4E74-406C-9B3A-0793F91296A1}.Release|Any CPU.Build.0 = Release|Any CPU
		{7A64FB43-4E74-406C-9B3A-0793F91296A1}.Release|Any CPU.Deploy.0 = Release|Any CPU
		{7A64FB43-4E74-406C-9B3A-0793F91296A1}.Release|ARM.ActiveCfg = Release|Any CPU
		{7A64FB43-4E74-406C-9B3A-0793F91296A1}.Release|ARM.Build.0 = Release|Any CPU
		{7A64FB43-4E74-406C-9B3A-0793F91296A1}.Release|ARM.Deploy.0 = Release|Any CPU
		{7A64FB43-4E74-406C-9B3A-0793F91296A1}.Release|iPhone.ActiveCfg = Release|Any CPU
		{7A64FB43-4E74-406C-9B3A-0793F91296A1}.Release|iPhone.Build.0 = Release|Any CPU
		{7A64FB43-4E74-406C-9B3A-0793F91296A1}.Release|iPhone.Deploy.0 = Release|Any CPU
		{7A64FB43-4E74-406C-9B3A-0793F91296A1}.Release|iPhoneSimulator.ActiveCfg = Release|Any CPU
		{7A64FB43-4E74-406C-9B3A-0793F91296A1}.Release|iPhoneSimulator.Build.0 = Release|Any CPU
		{7A64FB43-4E74-406C-9B3A-0793F91296A1}.Release|iPhoneSimulator.Deploy.0 = Release|Any CPU
		{7A64FB43-4E74-406C-9B3A-0793F91296A1}.Release|x64.ActiveCfg = Release|Any CPU
		{7A64FB43-4E74-406C-9B3A-0793F91296A1}.Release|x64.Build.0 = Release|Any CPU
		{7A64FB43-4E74-406C-9B3A-0793F91296A1}.Release|x64.Deploy.0 = Release|Any CPU
		{7A64FB43-4E74-406C-9B3A-0793F91296A1}.Release|x86.ActiveCfg = Release|Any CPU
		{7A64FB43-4E74-406C-9B3A-0793F91296A1}.Release|x86.Build.0 = Release|Any CPU
		{7A64FB43-4E74-406C-9B3A-0793F91296A1}.Release|x86.Deploy.0 = Release|Any CPU
		{A7FD1B11-A718-4484-851E-D386A01D132D}.Ad-Hoc|Any CPU.ActiveCfg = Ad-Hoc|iPhone
		{A7FD1B11-A718-4484-851E-D386A01D132D}.Ad-Hoc|ARM.ActiveCfg = Ad-Hoc|iPhone
		{A7FD1B11-A718-4484-851E-D386A01D132D}.Ad-Hoc|iPhone.ActiveCfg = Ad-Hoc|iPhone
		{A7FD1B11-A718-4484-851E-D386A01D132D}.Ad-Hoc|iPhone.Build.0 = Ad-Hoc|iPhone
		{A7FD1B11-A718-4484-851E-D386A01D132D}.Ad-Hoc|iPhoneSimulator.ActiveCfg = Ad-Hoc|iPhoneSimulator
		{A7FD1B11-A718-4484-851E-D386A01D132D}.Ad-Hoc|iPhoneSimulator.Build.0 = Ad-Hoc|iPhoneSimulator
		{A7FD1B11-A718-4484-851E-D386A01D132D}.Ad-Hoc|x64.ActiveCfg = Ad-Hoc|iPhone
		{A7FD1B11-A718-4484-851E-D386A01D132D}.Ad-Hoc|x86.ActiveCfg = Ad-Hoc|iPhone
		{A7FD1B11-A718-4484-851E-D386A01D132D}.AppStore|Any CPU.ActiveCfg = AppStore|iPhone
		{A7FD1B11-A718-4484-851E-D386A01D132D}.AppStore|ARM.ActiveCfg = AppStore|iPhone
		{A7FD1B11-A718-4484-851E-D386A01D132D}.AppStore|iPhone.ActiveCfg = AppStore|iPhone
		{A7FD1B11-A718-4484-851E-D386A01D132D}.AppStore|iPhone.Build.0 = AppStore|iPhone
		{A7FD1B11-A718-4484-851E-D386A01D132D}.AppStore|iPhoneSimulator.ActiveCfg = AppStore|iPhoneSimulator
		{A7FD1B11-A718-4484-851E-D386A01D132D}.AppStore|iPhoneSimulator.Build.0 = AppStore|iPhoneSimulator
		{A7FD1B11-A718-4484-851E-D386A01D132D}.AppStore|x64.ActiveCfg = AppStore|iPhone
		{A7FD1B11-A718-4484-851E-D386A01D132D}.AppStore|x86.ActiveCfg = AppStore|iPhone
		{A7FD1B11-A718-4484-851E-D386A01D132D}.Debug|Any CPU.ActiveCfg = Debug|iPhone
		{A7FD1B11-A718-4484-851E-D386A01D132D}.Debug|ARM.ActiveCfg = Debug|iPhone
		{A7FD1B11-A718-4484-851E-D386A01D132D}.Debug|iPhone.ActiveCfg = Debug|iPhone
		{A7FD1B11-A718-4484-851E-D386A01D132D}.Debug|iPhone.Build.0 = Debug|iPhone
		{A7FD1B11-A718-4484-851E-D386A01D132D}.Debug|iPhoneSimulator.ActiveCfg = Debug|iPhoneSimulator
		{A7FD1B11-A718-4484-851E-D386A01D132D}.Debug|iPhoneSimulator.Build.0 = Debug|iPhoneSimulator
		{A7FD1B11-A718-4484-851E-D386A01D132D}.Debug|x64.ActiveCfg = Debug|iPhone
		{A7FD1B11-A718-4484-851E-D386A01D132D}.Debug|x86.ActiveCfg = Debug|iPhone
		{A7FD1B11-A718-4484-851E-D386A01D132D}.Release|Any CPU.ActiveCfg = Release|iPhone
		{A7FD1B11-A718-4484-851E-D386A01D132D}.Release|ARM.ActiveCfg = Release|iPhone
		{A7FD1B11-A718-4484-851E-D386A01D132D}.Release|iPhone.ActiveCfg = Release|iPhone
		{A7FD1B11-A718-4484-851E-D386A01D132D}.Release|iPhone.Build.0 = Release|iPhone
		{A7FD1B11-A718-4484-851E-D386A01D132D}.Release|iPhoneSimulator.ActiveCfg = Release|iPhoneSimulator
		{A7FD1B11-A718-4484-851E-D386A01D132D}.Release|iPhoneSimulator.Build.0 = Release|iPhoneSimulator
		{A7FD1B11-A718-4484-851E-D386A01D132D}.Release|x64.ActiveCfg = Release|iPhone
		{A7FD1B11-A718-4484-851E-D386A01D132D}.Release|x86.ActiveCfg = Release|iPhone
		{740AED18-7C6C-4060-8206-A762B15DEB20}.Ad-Hoc|Any CPU.ActiveCfg = Release|x86
		{740AED18-7C6C-4060-8206-A762B15DEB20}.Ad-Hoc|Any CPU.Build.0 = Release|x86
		{740AED18-7C6C-4060-8206-A762B15DEB20}.Ad-Hoc|Any CPU.Deploy.0 = Release|x86
		{740AED18-7C6C-4060-8206-A762B15DEB20}.Ad-Hoc|ARM.ActiveCfg = Release|ARM
		{740AED18-7C6C-4060-8206-A762B15DEB20}.Ad-Hoc|ARM.Build.0 = Release|ARM
		{740AED18-7C6C-4060-8206-A762B15DEB20}.Ad-Hoc|ARM.Deploy.0 = Release|ARM
		{740AED18-7C6C-4060-8206-A762B15DEB20}.Ad-Hoc|iPhone.ActiveCfg = Release|x86
		{740AED18-7C6C-4060-8206-A762B15DEB20}.Ad-Hoc|iPhone.Build.0 = Release|x86
		{740AED18-7C6C-4060-8206-A762B15DEB20}.Ad-Hoc|iPhone.Deploy.0 = Release|x86
		{740AED18-7C6C-4060-8206-A762B15DEB20}.Ad-Hoc|iPhoneSimulator.ActiveCfg = Release|x86
		{740AED18-7C6C-4060-8206-A762B15DEB20}.Ad-Hoc|iPhoneSimulator.Build.0 = Release|x86
		{740AED18-7C6C-4060-8206-A762B15DEB20}.Ad-Hoc|iPhoneSimulator.Deploy.0 = Release|x86
		{740AED18-7C6C-4060-8206-A762B15DEB20}.Ad-Hoc|x64.ActiveCfg = Release|x64
		{740AED18-7C6C-4060-8206-A762B15DEB20}.Ad-Hoc|x64.Build.0 = Release|x64
		{740AED18-7C6C-4060-8206-A762B15DEB20}.Ad-Hoc|x64.Deploy.0 = Release|x64
		{740AED18-7C6C-4060-8206-A762B15DEB20}.Ad-Hoc|x86.ActiveCfg = Release|x86
		{740AED18-7C6C-4060-8206-A762B15DEB20}.Ad-Hoc|x86.Build.0 = Release|x86
		{740AED18-7C6C-4060-8206-A762B15DEB20}.Ad-Hoc|x86.Deploy.0 = Release|x86
		{740AED18-7C6C-4060-8206-A762B15DEB20}.AppStore|Any CPU.ActiveCfg = Release|x86
		{740AED18-7C6C-4060-8206-A762B15DEB20}.AppStore|Any CPU.Build.0 = Release|x86
		{740AED18-7C6C-4060-8206-A762B15DEB20}.AppStore|Any CPU.Deploy.0 = Release|x86
		{740AED18-7C6C-4060-8206-A762B15DEB20}.AppStore|ARM.ActiveCfg = Release|ARM
		{740AED18-7C6C-4060-8206-A762B15DEB20}.AppStore|ARM.Build.0 = Release|ARM
		{740AED18-7C6C-4060-8206-A762B15DEB20}.AppStore|ARM.Deploy.0 = Release|ARM
		{740AED18-7C6C-4060-8206-A762B15DEB20}.AppStore|iPhone.ActiveCfg = Release|x86
		{740AED18-7C6C-4060-8206-A762B15DEB20}.AppStore|iPhone.Build.0 = Release|x86
		{740AED18-7C6C-4060-8206-A762B15DEB20}.AppStore|iPhone.Deploy.0 = Release|x86
		{740AED18-7C6C-4060-8206-A762B15DEB20}.AppStore|iPhoneSimulator.ActiveCfg = Release|x86
		{740AED18-7C6C-4060-8206-A762B15DEB20}.AppStore|iPhoneSimulator.Build.0 = Release|x86
		{740AED18-7C6C-4060-8206-A762B15DEB20}.AppStore|iPhoneSimulator.Deploy.0 = Release|x86
		{740AED18-7C6C-4060-8206-A762B15DEB20}.AppStore|x64.ActiveCfg = Release|x64
		{740AED18-7C6C-4060-8206-A762B15DEB20}.AppStore|x64.Build.0 = Release|x64
		{740AED18-7C6C-4060-8206-A762B15DEB20}.AppStore|x64.Deploy.0 = Release|x64
		{740AED18-7C6C-4060-8206-A762B15DEB20}.AppStore|x86.ActiveCfg = Release|x86
		{740AED18-7C6C-4060-8206-A762B15DEB20}.AppStore|x86.Build.0 = Release|x86
		{740AED18-7C6C-4060-8206-A762B15DEB20}.AppStore|x86.Deploy.0 = Release|x86
		{740AED18-7C6C-4060-8206-A762B15DEB20}.Debug|Any CPU.ActiveCfg = Debug|x86
		{740AED18-7C6C-4060-8206-A762B15DEB20}.Debug|ARM.ActiveCfg = Debug|ARM
		{740AED18-7C6C-4060-8206-A762B15DEB20}.Debug|ARM.Build.0 = Debug|ARM
		{740AED18-7C6C-4060-8206-A762B15DEB20}.Debug|ARM.Deploy.0 = Debug|ARM
		{740AED18-7C6C-4060-8206-A762B15DEB20}.Debug|iPhone.ActiveCfg = Debug|x86
		{740AED18-7C6C-4060-8206-A762B15DEB20}.Debug|iPhoneSimulator.ActiveCfg = Debug|x86
		{740AED18-7C6C-4060-8206-A762B15DEB20}.Debug|x64.ActiveCfg = Debug|x64
		{740AED18-7C6C-4060-8206-A762B15DEB20}.Debug|x64.Build.0 = Debug|x64
		{740AED18-7C6C-4060-8206-A762B15DEB20}.Debug|x64.Deploy.0 = Debug|x64
		{740AED18-7C6C-4060-8206-A762B15DEB20}.Debug|x86.ActiveCfg = Debug|x86
		{740AED18-7C6C-4060-8206-A762B15DEB20}.Debug|x86.Build.0 = Debug|x86
		{740AED18-7C6C-4060-8206-A762B15DEB20}.Debug|x86.Deploy.0 = Debug|x86
		{740AED18-7C6C-4060-8206-A762B15DEB20}.Release|Any CPU.ActiveCfg = Release|x86
		{740AED18-7C6C-4060-8206-A762B15DEB20}.Release|ARM.ActiveCfg = Release|ARM
		{740AED18-7C6C-4060-8206-A762B15DEB20}.Release|ARM.Build.0 = Release|ARM
		{740AED18-7C6C-4060-8206-A762B15DEB20}.Release|ARM.Deploy.0 = Release|ARM
		{740AED18-7C6C-4060-8206-A762B15DEB20}.Release|iPhone.ActiveCfg = Release|x86
		{740AED18-7C6C-4060-8206-A762B15DEB20}.Release|iPhoneSimulator.ActiveCfg = Release|x86
		{740AED18-7C6C-4060-8206-A762B15DEB20}.Release|x64.ActiveCfg = Release|x64
		{740AED18-7C6C-4060-8206-A762B15DEB20}.Release|x64.Build.0 = Release|x64
		{740AED18-7C6C-4060-8206-A762B15DEB20}.Release|x64.Deploy.0 = Release|x64
		{740AED18-7C6C-4060-8206-A762B15DEB20}.Release|x86.ActiveCfg = Release|x86
		{740AED18-7C6C-4060-8206-A762B15DEB20}.Release|x86.Build.0 = Release|x86
		{740AED18-7C6C-4060-8206-A762B15DEB20}.Release|x86.Deploy.0 = Release|x86
		{66DEC7AA-118B-4D78-B3CF-9A1A9B587E9E}.Ad-Hoc|Any CPU.ActiveCfg = Debug|Any CPU
		{66DEC7AA-118B-4D78-B3CF-9A1A9B587E9E}.Ad-Hoc|Any CPU.Build.0 = Debug|Any CPU
		{66DEC7AA-118B-4D78-B3CF-9A1A9B587E9E}.Ad-Hoc|ARM.ActiveCfg = Debug|Any CPU
		{66DEC7AA-118B-4D78-B3CF-9A1A9B587E9E}.Ad-Hoc|ARM.Build.0 = Debug|Any CPU
		{66DEC7AA-118B-4D78-B3CF-9A1A9B587E9E}.Ad-Hoc|iPhone.ActiveCfg = Debug|Any CPU
		{66DEC7AA-118B-4D78-B3CF-9A1A9B587E9E}.Ad-Hoc|iPhone.Build.0 = Debug|Any CPU
		{66DEC7AA-118B-4D78-B3CF-9A1A9B587E9E}.Ad-Hoc|iPhoneSimulator.ActiveCfg = Debug|Any CPU
		{66DEC7AA-118B-4D78-B3CF-9A1A9B587E9E}.Ad-Hoc|iPhoneSimulator.Build.0 = Debug|Any CPU
		{66DEC7AA-118B-4D78-B3CF-9A1A9B587E9E}.Ad-Hoc|x64.ActiveCfg = Debug|Any CPU
		{66DEC7AA-118B-4D78-B3CF-9A1A9B587E9E}.Ad-Hoc|x64.Build.0 = Debug|Any CPU
		{66DEC7AA-118B-4D78-B3CF-9A1A9B587E9E}.Ad-Hoc|x86.ActiveCfg = Debug|Any CPU
		{66DEC7AA-118B-4D78-B3CF-9A1A9B587E9E}.Ad-Hoc|x86.Build.0 = Debug|Any CPU
		{66DEC7AA-118B-4D78-B3CF-9A1A9B587E9E}.AppStore|Any CPU.ActiveCfg = Debug|Any CPU
		{66DEC7AA-118B-4D78-B3CF-9A1A9B587E9E}.AppStore|Any CPU.Build.0 = Debug|Any CPU
		{66DEC7AA-118B-4D78-B3CF-9A1A9B587E9E}.AppStore|ARM.ActiveCfg = Debug|Any CPU
		{66DEC7AA-118B-4D78-B3CF-9A1A9B587E9E}.AppStore|ARM.Build.0 = Debug|Any CPU
		{66DEC7AA-118B-4D78-B3CF-9A1A9B587E9E}.AppStore|iPhone.ActiveCfg = Debug|Any CPU
		{66DEC7AA-118B-4D78-B3CF-9A1A9B587E9E}.AppStore|iPhone.Build.0 = Debug|Any CPU
		{66DEC7AA-118B-4D78-B3CF-9A1A9B587E9E}.AppStore|iPhoneSimulator.ActiveCfg = Debug|Any CPU
		{66DEC7AA-118B-4D78-B3CF-9A1A9B587E9E}.AppStore|iPhoneSimulator.Build.0 = Debug|Any CPU
		{66DEC7AA-118B-4D78-B3CF-9A1A9B587E9E}.AppStore|x64.ActiveCfg = Debug|Any CPU
		{66DEC7AA-118B-4D78-B3CF-9A1A9B587E9E}.AppStore|x64.Build.0 = Debug|Any CPU
		{66DEC7AA-118B-4D78-B3CF-9A1A9B587E9E}.AppStore|x86.ActiveCfg = Debug|Any CPU
		{66DEC7AA-118B-4D78-B3CF-9A1A9B587E9E}.AppStore|x86.Build.0 = Debug|Any CPU
		{66DEC7AA-118B-4D78-B3CF-9A1A9B587E9E}.Debug|Any CPU.ActiveCfg = Debug|Any CPU
		{66DEC7AA-118B-4D78-B3CF-9A1A9B587E9E}.Debug|Any CPU.Build.0 = Debug|Any CPU
		{66DEC7AA-118B-4D78-B3CF-9A1A9B587E9E}.Debug|ARM.ActiveCfg = Debug|Any CPU
		{66DEC7AA-118B-4D78-B3CF-9A1A9B587E9E}.Debug|ARM.Build.0 = Debug|Any CPU
		{66DEC7AA-118B-4D78-B3CF-9A1A9B587E9E}.Debug|iPhone.ActiveCfg = Debug|Any CPU
		{66DEC7AA-118B-4D78-B3CF-9A1A9B587E9E}.Debug|iPhone.Build.0 = Debug|Any CPU
		{66DEC7AA-118B-4D78-B3CF-9A1A9B587E9E}.Debug|iPhoneSimulator.ActiveCfg = Debug|Any CPU
		{66DEC7AA-118B-4D78-B3CF-9A1A9B587E9E}.Debug|iPhoneSimulator.Build.0 = Debug|Any CPU
		{66DEC7AA-118B-4D78-B3CF-9A1A9B587E9E}.Debug|x64.ActiveCfg = Debug|Any CPU
		{66DEC7AA-118B-4D78-B3CF-9A1A9B587E9E}.Debug|x64.Build.0 = Debug|Any CPU
		{66DEC7AA-118B-4D78-B3CF-9A1A9B587E9E}.Debug|x86.ActiveCfg = Debug|Any CPU
		{66DEC7AA-118B-4D78-B3CF-9A1A9B587E9E}.Debug|x86.Build.0 = Debug|Any CPU
		{66DEC7AA-118B-4D78-B3CF-9A1A9B587E9E}.Release|Any CPU.ActiveCfg = Release|Any CPU
		{66DEC7AA-118B-4D78-B3CF-9A1A9B587E9E}.Release|Any CPU.Build.0 = Release|Any CPU
		{66DEC7AA-118B-4D78-B3CF-9A1A9B587E9E}.Release|ARM.ActiveCfg = Release|Any CPU
		{66DEC7AA-118B-4D78-B3CF-9A1A9B587E9E}.Release|ARM.Build.0 = Release|Any CPU
		{66DEC7AA-118B-4D78-B3CF-9A1A9B587E9E}.Release|iPhone.ActiveCfg = Release|Any CPU
		{66DEC7AA-118B-4D78-B3CF-9A1A9B587E9E}.Release|iPhone.Build.0 = Release|Any CPU
		{66DEC7AA-118B-4D78-B3CF-9A1A9B587E9E}.Release|iPhoneSimulator.ActiveCfg = Release|Any CPU
		{66DEC7AA-118B-4D78-B3CF-9A1A9B587E9E}.Release|iPhoneSimulator.Build.0 = Release|Any CPU
		{66DEC7AA-118B-4D78-B3CF-9A1A9B587E9E}.Release|x64.ActiveCfg = Release|Any CPU
		{66DEC7AA-118B-4D78-B3CF-9A1A9B587E9E}.Release|x64.Build.0 = Release|Any CPU
		{66DEC7AA-118B-4D78-B3CF-9A1A9B587E9E}.Release|x86.ActiveCfg = Release|Any CPU
		{66DEC7AA-118B-4D78-B3CF-9A1A9B587E9E}.Release|x86.Build.0 = Release|Any CPU
	EndGlobalSection
	GlobalSection(SolutionProperties) = preSolution
		HideSolutionNode = FALSE
	EndGlobalSection
	GlobalSection(NestedProjects) = preSolution
		{7A64FB43-4E74-406C-9B3A-0793F91296A1} = {1D379A85-7478-4E75-96D9-DAE764A9BFA0}
		{A7FD1B11-A718-4484-851E-D386A01D132D} = {1D379A85-7478-4E75-96D9-DAE764A9BFA0}
		{740AED18-7C6C-4060-8206-A762B15DEB20} = {1D379A85-7478-4E75-96D9-DAE764A9BFA0}
		{66DEC7AA-118B-4D78-B3CF-9A1A9B587E9E} = {1D379A85-7478-4E75-96D9-DAE764A9BFA0}
	EndGlobalSection
	GlobalSection(ExtensibilityGlobals) = postSolution
		SolutionGuid = {D5F29473-7221-4C56-BB0D-01C16749608F}
	EndGlobalSection
EndGlobal
